// !$*UTF8*$!
{
	archiveVersion = 1;
	classes = {
	};
	objectVersion = 48;
	objects = {

/* Begin PBXBuildFile section */
		88624D9F81DF22730F8E1248 /* Pods_AuthGoogle.framework in Frameworks */ = {isa = PBXBuildFile; fileRef = 2373B4CDA39772ABF90498ED /* Pods_AuthGoogle.framework */; };
		D44AC0BC205D2FA2005CB243 /* AppDelegate.swift in Sources */ = {isa = PBXBuildFile; fileRef = D44AC0BB205D2FA2005CB243 /* AppDelegate.swift */; };
		D44AC0BE205D2FA2005CB243 /* ViewController.swift in Sources */ = {isa = PBXBuildFile; fileRef = D44AC0BD205D2FA2005CB243 /* ViewController.swift */; };
		D44AC0C1205D2FA2005CB243 /* Main.storyboard in Resources */ = {isa = PBXBuildFile; fileRef = D44AC0BF205D2FA2005CB243 /* Main.storyboard */; };
		D44AC0C3205D2FA2005CB243 /* Assets.xcassets in Resources */ = {isa = PBXBuildFile; fileRef = D44AC0C2205D2FA2005CB243 /* Assets.xcassets */; };
		D44AC0C6205D2FA2005CB243 /* LaunchScreen.storyboard in Resources */ = {isa = PBXBuildFile; fileRef = D44AC0C4205D2FA2005CB243 /* LaunchScreen.storyboard */; };
		D44AC0CE205D32E8005CB243 /* GoogleService-Info.plist in Resources */ = {isa = PBXBuildFile; fileRef = D44AC0CD205D32E8005CB243 /* GoogleService-Info.plist */; };
/* End PBXBuildFile section */

/* Begin PBXFileReference section */
		2373B4CDA39772ABF90498ED /* Pods_AuthGoogle.framework */ = {isa = PBXFileReference; explicitFileType = wrapper.framework; includeInIndex = 0; path = Pods_AuthGoogle.framework; sourceTree = BUILT_PRODUCTS_DIR; };
		A47221F18B65A40D2C9E7D46 /* Pods-AuthGoogle.release.xcconfig */ = {isa = PBXFileReference; includeInIndex = 1; lastKnownFileType = text.xcconfig; name = "Pods-AuthGoogle.release.xcconfig"; path = "Pods/Target Support Files/Pods-AuthGoogle/Pods-AuthGoogle.release.xcconfig"; sourceTree = "<group>"; };
		C4BBF606342F1E88119C572F /* Pods-AuthGoogle.debug.xcconfig */ = {isa = PBXFileReference; includeInIndex = 1; lastKnownFileType = text.xcconfig; name = "Pods-AuthGoogle.debug.xcconfig"; path = "Pods/Target Support Files/Pods-AuthGoogle/Pods-AuthGoogle.debug.xcconfig"; sourceTree = "<group>"; };
		D44AC0B8205D2FA2005CB243 /* AuthGoogle.app */ = {isa = PBXFileReference; explicitFileType = wrapper.application; includeInIndex = 0; path = AuthGoogle.app; sourceTree = BUILT_PRODUCTS_DIR; };
		D44AC0BB205D2FA2005CB243 /* AppDelegate.swift */ = {isa = PBXFileReference; lastKnownFileType = sourcecode.swift; path = AppDelegate.swift; sourceTree = "<group>"; };
		D44AC0BD205D2FA2005CB243 /* ViewController.swift */ = {isa = PBXFileReference; lastKnownFileType = sourcecode.swift; path = ViewController.swift; sourceTree = "<group>"; };
		D44AC0C0205D2FA2005CB243 /* Base */ = {isa = PBXFileReference; lastKnownFileType = file.storyboard; name = Base; path = Base.lproj/Main.storyboard; sourceTree = "<group>"; };
		D44AC0C2205D2FA2005CB243 /* Assets.xcassets */ = {isa = PBXFileReference; lastKnownFileType = folder.assetcatalog; path = Assets.xcassets; sourceTree = "<group>"; };
		D44AC0C5205D2FA2005CB243 /* Base */ = {isa = PBXFileReference; lastKnownFileType = file.storyboard; name = Base; path = Base.lproj/LaunchScreen.storyboard; sourceTree = "<group>"; };
		D44AC0C7205D2FA2005CB243 /* Info.plist */ = {isa = PBXFileReference; lastKnownFileType = text.plist.xml; path = Info.plist; sourceTree = "<group>"; };
		D44AC0CD205D32E8005CB243 /* GoogleService-Info.plist */ = {isa = PBXFileReference; fileEncoding = 4; lastKnownFileType = text.plist.xml; name = "GoogleService-Info.plist"; path = "../../../Downloads/GoogleService-Info.plist"; sourceTree = "<group>"; };
/* End PBXFileReference section */

/* Begin PBXFrameworksBuildPhase section */
		D44AC0B5205D2FA2005CB243 /* Frameworks */ = {
			isa = PBXFrameworksBuildPhase;
			buildActionMask = 2147483647;
			files = (
				88624D9F81DF22730F8E1248 /* Pods_AuthGoogle.framework in Frameworks */,
			);
			runOnlyForDeploymentPostprocessing = 0;
		};
/* End PBXFrameworksBuildPhase section */

/* Begin PBXGroup section */
		970E5EC9E753A0F22B53529A /* Frameworks */ = {
			isa = PBXGroup;
			children = (
				2373B4CDA39772ABF90498ED /* Pods_AuthGoogle.framework */,
			);
			name = Frameworks;
			sourceTree = "<group>";
		};
		BA54A679F1546D15259CD2DD /* Pods */ = {
			isa = PBXGroup;
			children = (
				C4BBF606342F1E88119C572F /* Pods-AuthGoogle.debug.xcconfig */,
				A47221F18B65A40D2C9E7D46 /* Pods-AuthGoogle.release.xcconfig */,
			);
			name = Pods;
			sourceTree = "<group>";
		};
		D44AC0AF205D2FA2005CB243 = {
			isa = PBXGroup;
			children = (
				D44AC0BA205D2FA2005CB243 /* AuthGoogle */,
				D44AC0B9205D2FA2005CB243 /* Products */,
				BA54A679F1546D15259CD2DD /* Pods */,
				970E5EC9E753A0F22B53529A /* Frameworks */,
			);
			sourceTree = "<group>";
		};
		D44AC0B9205D2FA2005CB243 /* Products */ = {
			isa = PBXGroup;
			children = (
				D44AC0B8205D2FA2005CB243 /* AuthGoogle.app */,
			);
			name = Products;
			sourceTree = "<group>";
		};
		D44AC0BA205D2FA2005CB243 /* AuthGoogle */ = {
			isa = PBXGroup;
			children = (
				D44AC0BB205D2FA2005CB243 /* AppDelegate.swift */,
				D44AC0BD205D2FA2005CB243 /* ViewController.swift */,
				D44AC0BF205D2FA2005CB243 /* Main.storyboard */,
				D44AC0C2205D2FA2005CB243 /* Assets.xcassets */,
				D44AC0CD205D32E8005CB243 /* GoogleService-Info.plist */,
				D44AC0C4205D2FA2005CB243 /* LaunchScreen.storyboard */,
				D44AC0C7205D2FA2005CB243 /* Info.plist */,
			);
			path = AuthGoogle;
			sourceTree = "<group>";
		};
/* End PBXGroup section */

/* Begin PBXNativeTarget section */
		D44AC0B7205D2FA2005CB243 /* AuthGoogle */ = {
			isa = PBXNativeTarget;
			buildConfigurationList = D44AC0CA205D2FA2005CB243 /* Build configuration list for PBXNativeTarget "AuthGoogle" */;
			buildPhases = (
				0F2F9AAA33FBDDE4DA60F3D9 /* [CP] Check Pods Manifest.lock */,
				D44AC0B4205D2FA2005CB243 /* Sources */,
				D44AC0B5205D2FA2005CB243 /* Frameworks */,
				D44AC0B6205D2FA2005CB243 /* Resources */,
				EF848FB1BDB23F4AD48F59E8 /* [CP] Embed Pods Frameworks */,
				683C97B4072B99C092B50D7F /* [CP] Copy Pods Resources */,
			);
			buildRules = (
			);
			dependencies = (
			);
			name = AuthGoogle;
			productName = AuthGoogle;
			productReference = D44AC0B8205D2FA2005CB243 /* AuthGoogle.app */;
			productType = "com.apple.product-type.application";
		};
/* End PBXNativeTarget section */

/* Begin PBXProject section */
		D44AC0B0205D2FA2005CB243 /* Project object */ = {
			isa = PBXProject;
			attributes = {
				LastSwiftUpdateCheck = 0910;
				LastUpgradeCheck = 0910;
				ORGANIZATIONNAME = "Rob Fitzgerald, Inc";
				TargetAttributes = {
					D44AC0B7205D2FA2005CB243 = {
						CreatedOnToolsVersion = 9.1;
						ProvisioningStyle = Automatic;
					};
				};
			};
			buildConfigurationList = D44AC0B3205D2FA2005CB243 /* Build configuration list for PBXProject "AuthGoogle" */;
			compatibilityVersion = "Xcode 8.0";
			developmentRegion = en;
			hasScannedForEncodings = 0;
			knownRegions = (
				en,
				Base,
			);
			mainGroup = D44AC0AF205D2FA2005CB243;
			productRefGroup = D44AC0B9205D2FA2005CB243 /* Products */;
			projectDirPath = "";
			projectRoot = "";
			targets = (
				D44AC0B7205D2FA2005CB243 /* AuthGoogle */,
			);
		};
/* End PBXProject section */

/* Begin PBXResourcesBuildPhase section */
		D44AC0B6205D2FA2005CB243 /* Resources */ = {
			isa = PBXResourcesBuildPhase;
			buildActionMask = 2147483647;
			files = (
				D44AC0C6205D2FA2005CB243 /* LaunchScreen.storyboard in Resources */,
				D44AC0CE205D32E8005CB243 /* GoogleService-Info.plist in Resources */,
				D44AC0C3205D2FA2005CB243 /* Assets.xcassets in Resources */,
				D44AC0C1205D2FA2005CB243 /* Main.storyboard in Resources */,
			);
			runOnlyForDeploymentPostprocessing = 0;
		};
/* End PBXResourcesBuildPhase section */

/* Begin PBXShellScriptBuildPhase section */
		0F2F9AAA33FBDDE4DA60F3D9 /* [CP] Check Pods Manifest.lock */ = {
			isa = PBXShellScriptBuildPhase;
			buildActionMask = 2147483647;
			files = (
			);
			inputPaths = (
				"${PODS_PODFILE_DIR_PATH}/Podfile.lock",
				"${PODS_ROOT}/Manifest.lock",
			);
			name = "[CP] Check Pods Manifest.lock";
			outputPaths = (
				"$(DERIVED_FILE_DIR)/Pods-AuthGoogle-checkManifestLockResult.txt",
			);
			runOnlyForDeploymentPostprocessing = 0;
			shellPath = /bin/sh;
			shellScript = "diff \"${PODS_PODFILE_DIR_PATH}/Podfile.lock\" \"${PODS_ROOT}/Manifest.lock\" > /dev/null\nif [ $? != 0 ] ; then\n    # print error to STDERR\n    echo \"error: The sandbox is not in sync with the Podfile.lock. Run 'pod install' or update your CocoaPods installation.\" >&2\n    exit 1\nfi\n# This output is used by Xcode 'outputs' to avoid re-running this script phase.\necho \"SUCCESS\" > \"${SCRIPT_OUTPUT_FILE_0}\"\n";
			showEnvVarsInLog = 0;
		};
		683C97B4072B99C092B50D7F /* [CP] Copy Pods Resources */ = {
			isa = PBXShellScriptBuildPhase;
			buildActionMask = 2147483647;
			files = (
			);
			inputPaths = (
			);
			name = "[CP] Copy Pods Resources";
			outputPaths = (
			);
			runOnlyForDeploymentPostprocessing = 0;
			shellPath = /bin/sh;
			shellScript = "\"${SRCROOT}/Pods/Target Support Files/Pods-AuthGoogle/Pods-AuthGoogle-resources.sh\"\n";
			showEnvVarsInLog = 0;
		};
		EF848FB1BDB23F4AD48F59E8 /* [CP] Embed Pods Frameworks */ = {
			isa = PBXShellScriptBuildPhase;
			buildActionMask = 2147483647;
			files = (
			);
			inputPaths = (
				"${SRCROOT}/Pods/Target Support Files/Pods-AuthGoogle/Pods-AuthGoogle-frameworks.sh",
				"${BUILT_PRODUCTS_DIR}/GTMSessionFetcher/GTMSessionFetcher.framework",
				"${BUILT_PRODUCTS_DIR}/GoogleToolboxForMac/GoogleToolboxForMac.framework",
				"${BUILT_PRODUCTS_DIR}/nanopb/nanopb.framework",
			);
			name = "[CP] Embed Pods Frameworks";
			outputPaths = (
				"${TARGET_BUILD_DIR}/${FRAMEWORKS_FOLDER_PATH}/GTMSessionFetcher.framework",
				"${TARGET_BUILD_DIR}/${FRAMEWORKS_FOLDER_PATH}/GoogleToolboxForMac.framework",
				"${TARGET_BUILD_DIR}/${FRAMEWORKS_FOLDER_PATH}/nanopb.framework",
			);
			runOnlyForDeploymentPostprocessing = 0;
			shellPath = /bin/sh;
			shellScript = "\"${SRCROOT}/Pods/Target Support Files/Pods-AuthGoogle/Pods-AuthGoogle-frameworks.sh\"\n";
			showEnvVarsInLog = 0;
		};
/* End PBXShellScriptBuildPhase section */

/* Begin PBXSourcesBuildPhase section */
		D44AC0B4205D2FA2005CB243 /* Sources */ = {
			isa = PBXSourcesBuildPhase;
			buildActionMask = 2147483647;
			files = (
				D44AC0BE205D2FA2005CB243 /* ViewController.swift in Sources */,
				D44AC0BC205D2FA2005CB243 /* AppDelegate.swift in Sources */,
			);
			runOnlyForDeploymentPostprocessing = 0;
		};
/* End PBXSourcesBuildPhase section */

/* Begin PBXVariantGroup section */
		D44AC0BF205D2FA2005CB243 /* Main.storyboard */ = {
			isa = PBXVariantGroup;
			children = (
				D44AC0C0205D2FA2005CB243 /* Base */,
			);
			name = Main.storyboard;
			sourceTree = "<group>";
		};
		D44AC0C4205D2FA2005CB243 /* LaunchScreen.storyboard */ = {
			isa = PBXVariantGroup;
			children = (
				D44AC0C5205D2FA2005CB243 /* Base */,
			);
			name = LaunchScreen.storyboard;
			sourceTree = "<group>";
		};
/* End PBXVariantGroup section */

/* Begin XCBuildConfiguration section */
		D44AC0C8205D2FA2005CB243 /* Debug */ = {
			isa = XCBuildConfiguration;
			buildSettings = {
				ALWAYS_SEARCH_USER_PATHS = NO;
				CLANG_ANALYZER_NONNULL = YES;
				CLANG_ANALYZER_NUMBER_OBJECT_CONVERSION = YES_AGGRESSIVE;
				CLANG_CXX_LANGUAGE_STANDARD = "gnu++14";
				CLANG_CXX_LIBRARY = "libc++";
				CLANG_ENABLE_MODULES = YES;
				CLANG_ENABLE_OBJC_ARC = YES;
				CLANG_WARN_BLOCK_CAPTURE_AUTORELEASING = YES;
				CLANG_WARN_BOOL_CONVERSION = YES;
				CLANG_WARN_COMMA = YES;
				CLANG_WARN_CONSTANT_CONVERSION = YES;
				CLANG_WARN_DIRECT_OBJC_ISA_USAGE = YES_ERROR;
				CLANG_WARN_DOCUMENTATION_COMMENTS = YES;
				CLANG_WARN_EMPTY_BODY = YES;
				CLANG_WARN_ENUM_CONVERSION = YES;
				CLANG_WARN_INFINITE_RECURSION = YES;
				CLANG_WARN_INT_CONVERSION = YES;
				CLANG_WARN_NON_LITERAL_NULL_CONVERSION = YES;
				CLANG_WARN_OBJC_LITERAL_CONVERSION = YES;
				CLANG_WARN_OBJC_ROOT_CLASS = YES_ERROR;
				CLANG_WARN_RANGE_LOOP_ANALYSIS = YES;
				CLANG_WARN_STRICT_PROTOTYPES = YES;
				CLANG_WARN_SUSPICIOUS_MOVE = YES;
				CLANG_WARN_UNGUARDED_AVAILABILITY = YES_AGGRESSIVE;
				CLANG_WARN_UNREACHABLE_CODE = YES;
				CLANG_WARN__DUPLICATE_METHOD_MATCH = YES;
				CODE_SIGN_IDENTITY = "iPhone Developer";
				COPY_PHASE_STRIP = NO;
				DEBUG_INFORMATION_FORMAT = dwarf;
				ENABLE_STRICT_OBJC_MSGSEND = YES;
				ENABLE_TESTABILITY = YES;
				GCC_C_LANGUAGE_STANDARD = gnu11;
				GCC_DYNAMIC_NO_PIC = NO;
				GCC_NO_COMMON_BLOCKS = YES;
				GCC_OPTIMIZATION_LEVEL = 0;
				GCC_PREPROCESSOR_DEFINITIONS = (
					"DEBUG=1",
					"$(inherited)",
				);
				GCC_WARN_64_TO_32_BIT_CONVERSION = YES;
				GCC_WARN_ABOUT_RETURN_TYPE = YES_ERROR;
				GCC_WARN_UNDECLARED_SELECTOR = YES;
				GCC_WARN_UNINITIALIZED_AUTOS = YES_AGGRESSIVE;
				GCC_WARN_UNUSED_FUNCTION = YES;
				GCC_WARN_UNUSED_VARIABLE = YES;
				IPHONEOS_DEPLOYMENT_TARGET = 11.1;
				MTL_ENABLE_DEBUG_INFO = YES;
				ONLY_ACTIVE_ARCH = YES;
				SDKROOT = iphoneos;
				SWIFT_ACTIVE_COMPILATION_CONDITIONS = DEBUG;
				SWIFT_OPTIMIZATION_LEVEL = "-Onone";
			};
			name = Debug;
		};
		D44AC0C9205D2FA2005CB243 /* Release */ = {
			isa = XCBuildConfiguration;
			buildSettings = {
				ALWAYS_SEARCH_USER_PATHS = NO;
				CLANG_ANALYZER_NONNULL = YES;
				CLANG_ANALYZER_NUMBER_OBJECT_CONVERSION = YES_AGGRESSIVE;
				CLANG_CXX_LANGUAGE_STANDARD = "gnu++14";
				CLANG_CXX_LIBRARY = "libc++";
				CLANG_ENABLE_MODULES = YES;
				CLANG_ENABLE_OBJC_ARC = YES;
				CLANG_WARN_BLOCK_CAPTURE_AUTORELEASING = YES;
				CLANG_WARN_BOOL_CONVERSION = YES;
				CLANG_WARN_COMMA = YES;
				CLANG_WARN_CONSTANT_CONVERSION = YES;
				CLANG_WARN_DIRECT_OBJC_ISA_USAGE = YES_ERROR;
				CLANG_WARN_DOCUMENTATION_COMMENTS = YES;
				CLANG_WARN_EMPTY_BODY = YES;
				CLANG_WARN_ENUM_CONVERSION = YES;
				CLANG_WARN_INFINITE_RECURSION = YES;
				CLANG_WARN_INT_CONVERSION = YES;
				CLANG_WARN_NON_LITERAL_NULL_CONVERSION = YES;
				CLANG_WARN_OBJC_LITERAL_CONVERSION = YES;
				CLANG_WARN_OBJC_ROOT_CLASS = YES_ERROR;
				CLANG_WARN_RANGE_LOOP_ANALYSIS = YES;
				CLANG_WARN_STRICT_PROTOTYPES = YES;
				CLANG_WARN_SUSPICIOUS_MOVE = YES;
				CLANG_WARN_UNGUARDED_AVAILABILITY = YES_AGGRESSIVE;
				CLANG_WARN_UNREACHABLE_CODE = YES;
				CLANG_WARN__DUPLICATE_METHOD_MATCH = YES;
				CODE_SIGN_IDENTITY = "iPhone Developer";
				COPY_PHASE_STRIP = NO;
				DEBUG_INFORMATION_FORMAT = "dwarf-with-dsym";
				ENABLE_NS_ASSERTIONS = NO;
				ENABLE_STRICT_OBJC_MSGSEND = YES;
				GCC_C_LANGUAGE_STANDARD = gnu11;
				GCC_NO_COMMON_BLOCKS = YES;
				GCC_WARN_64_TO_32_BIT_CONVERSION = YES;
				GCC_WARN_ABOUT_RETURN_TYPE = YES_ERROR;
				GCC_WARN_UNDECLARED_SELECTOR = YES;
				GCC_WARN_UNINITIALIZED_AUTOS = YES_AGGRESSIVE;
				GCC_WARN_UNUSED_FUNCTION = YES;
				GCC_WARN_UNUSED_VARIABLE = YES;
				IPHONEOS_DEPLOYMENT_TARGET = 11.1;
				MTL_ENABLE_DEBUG_INFO = NO;
				SDKROOT = iphoneos;
				SWIFT_OPTIMIZATION_LEVEL = "-Owholemodule";
				VALIDATE_PRODUCT = YES;
			};
			name = Release;
		};
		D44AC0CB205D2FA2005CB243 /* Debug */ = {
			isa = XCBuildConfiguration;
			baseConfigurationReference = C4BBF606342F1E88119C572F /* Pods-AuthGoogle.debug.xcconfig */;
			buildSettings = {
				ASSETCATALOG_COMPILER_APPICON_NAME = AppIcon;
				CODE_SIGN_STYLE = Automatic;
				DEVELOPMENT_TEAM = 275674938X;
				INFOPLIST_FILE = AuthGoogle/Info.plist;
				LD_RUNPATH_SEARCH_PATHS = "$(inherited) @executable_path/Frameworks";
				PRODUCT_BUNDLE_IDENTIFIER = com.robfitzgerald.AuthGoogle;
				PRODUCT_NAME = "$(TARGET_NAME)";
				SWIFT_VERSION = 4.0;
				TARGETED_DEVICE_FAMILY = "1,2";
			};
			name = Debug;
		};
		D44AC0CC205D2FA2005CB243 /* Release */ = {
			isa = XCBuildConfiguration;
			baseConfigurationReference = A47221F18B65A40D2C9E7D46 /* Pods-AuthGoogle.release.xcconfig */;
			buildSettings = {
				ASSETCATALOG_COMPILER_APPICON_NAME = AppIcon;
				CODE_SIGN_STYLE = Automatic;
				DEVELOPMENT_TEAM = 275674938X;
				INFOPLIST_FILE = AuthGoogle/Info.plist;
				LD_RUNPATH_SEARCH_PATHS = "$(inherited) @executable_path/Frameworks";
				PRODUCT_BUNDLE_IDENTIFIER = com.robfitzgerald.AuthGoogle;
				PRODUCT_NAME = "$(TARGET_NAME)";
				SWIFT_VERSION = 4.0;
				TARGETED_DEVICE_FAMILY = "1,2";
			};
			name = Release;
		};
/* End XCBuildConfiguration section */

/* Begin XCConfigurationList section */
		D44AC0B3205D2FA2005CB243 /* Build configuration list for PBXProject "AuthGoogle" */ = {
			isa = XCConfigurationList;
			buildConfigurations = (
				D44AC0C8205D2FA2005CB243 /* Debug */,
				D44AC0C9205D2FA2005CB243 /* Release */,
			);
			defaultConfigurationIsVisible = 0;
			defaultConfigurationName = Release;
		};
		D44AC0CA205D2FA2005CB243 /* Build configuration list for PBXNativeTarget "AuthGoogle" */ = {
			isa = XCConfigurationList;
			buildConfigurations = (
				D44AC0CB205D2FA2005CB243 /* Debug */,
				D44AC0CC205D2FA2005CB243 /* Release */,
			);
			defaultConfigurationIsVisible = 0;
			defaultConfigurationName = Release;
		};
/* End XCConfigurationList section */
	};
	rootObject = D44AC0B0205D2FA2005CB243 /* Project object */;
}
